
Microsoft Visual Studio Solution File, Format Version 10.00
# Visual Studio 2008
Project("{FAE04EC0-301F-11D3-BF4B-00C04F79EFBC}") = "MARGdemo", "MARGdemo.csproj", "{5F488A13-6E95-494E-BD6A-E8B35D48E794}"
EndProject
Global
	GlobalSection(SolutionConfigurationPlatforms) = preSolution
		Debug|Any CPU = Debug|Any CPU
		Release|Any CPU = Release|Any CPU
	EndGlobalSection
	GlobalSection(ProjectConfigurationPlatforms) = postSolution
		{5F488A13-6E95-494E-BD6A-E8B35D48E794}.Debug|Any CPU.ActiveCfg = Debug|Any CPU
		{5F488A13-6E95-494E-BD6A-E8B35D48E794}.Debug|Any CPU.Build.0 = Debug|Any CPU
		{5F488A13-6E95-494E-BD6A-E8B35D48E794}.Release|Any CPU.ActiveCfg = Release|Any CPU
		{5F488A13-6E95-494E-BD6A-E8B35D48E794}.Release|Any CPU.Build.0 = Release|Any CPU
	EndGlobalSection
	GlobalSection(SolutionProperties) = preSolution
		HideSolutionNode = FALSE
	EndGlobalSection
EndGlobal
